
Microsoft Visual Studio Solution File, Format Version 12.00
# Visual Studio Version 17
VisualStudioVersion = 17.6.33815.320
MinimumVisualStudioVersion = 10.0.40219.1
Project("{FAE04EC0-301F-11D3-BF4B-00C04F79EFBC}") = "WebApp", "WebApp\WebApp.csproj", "{42FA61FD-050A-4960-9C70-62F5836CB33E}"
EndProject
Global
	GlobalSection(SolutionConfigurationPlatforms) = preSolution
		Debug|Any CPU = Debug|Any CPU
		Release|Any CPU = Release|Any CPU
	EndGlobalSection
	GlobalSection(ProjectConfigurationPlatforms) = postSolution
		{42FA61FD-050A-4960-9C70-62F5836CB33E}.Debug|Any CPU.ActiveCfg = Debug|Any CPU
		{42FA61FD-050A-4960-9C70-62F5836CB33E}.Debug|Any CPU.Build.0 = Debug|Any CPU
		{42FA61FD-050A-4960-9C70-62F5836CB33E}.Release|Any CPU.ActiveCfg = Release|Any CPU
		{42FA61FD-050A-4960-9C70-62F5836CB33E}.Release|Any CPU.Build.0 = Release|Any CPU
	EndGlobalSection
	GlobalSection(SolutionProperties) = preSolution
		HideSolutionNode = FALSE
	EndGlobalSection
	GlobalSection(ExtensibilityGlobals) = postSolution
		SolutionGuid = {7D8AD062-EB0E-4E6D-9593-F1375CB160D3}
	EndGlobalSection
EndGlobal
